
Microsoft Visual Studio Solution File, Format Version 12.00
# Visual Studio Version 16
VisualStudioVersion = 16.0.28803.916
MinimumVisualStudioVersion = 10.0.40219.1
Project("{FAE04EC0-301F-11D3-BF4B-00C04F79EFBC}") = "WebPurchaseOrder6", "WebPurchaseOrder6\WebPurchaseOrder6.csproj", "{897D1FB2-F0BB-45EC-A542-39F2E42A157B}"
EndProject
Global
	GlobalSection(SolutionConfigurationPlatforms) = preSolution
		Debug|Any CPU = Debug|Any CPU
		Release|Any CPU = Release|Any CPU
	EndGlobalSection
	GlobalSection(ProjectConfigurationPlatforms) = postSolution
		{897D1FB2-F0BB-45EC-A542-39F2E42A157B}.Debug|Any CPU.ActiveCfg = Debug|Any CPU
		{897D1FB2-F0BB-45EC-A542-39F2E42A157B}.Debug|Any CPU.Build.0 = Debug|Any CPU
		{897D1FB2-F0BB-45EC-A542-39F2E42A157B}.Release|Any CPU.ActiveCfg = Release|Any CPU
		{897D1FB2-F0BB-45EC-A542-39F2E42A157B}.Release|Any CPU.Build.0 = Release|Any CPU
	EndGlobalSection
	GlobalSection(SolutionProperties) = preSolution
		HideSolutionNode = FALSE
	EndGlobalSection
	GlobalSection(ExtensibilityGlobals) = postSolution
		SolutionGuid = {31079C5F-07E2-405F-A50E-2D47F4BB5C0A}
	EndGlobalSection
EndGlobal
